
Microsoft Visual Studio Solution File, Format Version 12.00
# Visual Studio Version 16
VisualStudioVersion = 16.0.31424.327
MinimumVisualStudioVersion = 10.0.40219.1
Project("{FAE04EC0-301F-11D3-BF4B-00C04F79EFBC}") = "UNDECIDED_LAUNCHER", "UNDECIDED_LAUNCHER.csproj", "{B4BAF508-E49C-467D-BA16-D689CDE6DCB1}"
EndProject
Global
	GlobalSection(SolutionConfigurationPlatforms) = preSolution
		Debug|Any CPU = Debug|Any CPU
		Release|Any CPU = Release|Any CPU
	EndGlobalSection
	GlobalSection(ProjectConfigurationPlatforms) = postSolution
		{B4BAF508-E49C-467D-BA16-D689CDE6DCB1}.Debug|Any CPU.ActiveCfg = Debug|Any CPU
		{B4BAF508-E49C-467D-BA16-D689CDE6DCB1}.Debug|Any CPU.Build.0 = Debug|Any CPU
		{B4BAF508-E49C-467D-BA16-D689CDE6DCB1}.Release|Any CPU.ActiveCfg = Release|Any CPU
		{B4BAF508-E49C-467D-BA16-D689CDE6DCB1}.Release|Any CPU.Build.0 = Release|Any CPU
	EndGlobalSection
	GlobalSection(SolutionProperties) = preSolution
		HideSolutionNode = FALSE
	EndGlobalSection
	GlobalSection(ExtensibilityGlobals) = postSolution
		SolutionGuid = {C8F3E848-8ECD-4C7E-9B95-FCB57776C65E}
	EndGlobalSection
EndGlobal
